// !$*UTF8*$!
{
	archiveVersion = 1;
	classes = {
	};
	objectVersion = 46;
	objects = {

/* Begin PBXBuildFile section */
		2CF0C2361C198BA900BDF050 /* SwiftDemoTests.swift in Sources */ = {isa = PBXBuildFile; fileRef = 2CF0C2351C198BA900BDF050 /* SwiftDemoTests.swift */; };
		2CF0C2411C198BA900BDF050 /* SwiftDemoUITests.swift in Sources */ = {isa = PBXBuildFile; fileRef = 2CF0C2401C198BA900BDF050 /* SwiftDemoUITests.swift */; };
		2CF0C2611C19945900BDF050 /* AppDelegate.swift in Sources */ = {isa = PBXBuildFile; fileRef = 2CF0C25A1C19945900BDF050 /* AppDelegate.swift */; };
		2CF0C2621C19945900BDF050 /* Assets.xcassets in Resources */ = {isa = PBXBuildFile; fileRef = 2CF0C25B1C19945900BDF050 /* Assets.xcassets */; };
		2CF0C2631C19945900BDF050 /* LaunchScreen.storyboard in Resources */ = {isa = PBXBuildFile; fileRef = 2CF0C25C1C19945900BDF050 /* LaunchScreen.storyboard */; };
		2CF0C2651C19945900BDF050 /* Info.plist in Resources */ = {isa = PBXBuildFile; fileRef = 2CF0C2601C19945900BDF050 /* Info.plist */; };
		2CF0C26C1C19ABA300BDF050 /* homeViewController.swift in Sources */ = {isa = PBXBuildFile; fileRef = 2CF0C26A1C19ABA300BDF050 /* homeViewController.swift */; };
		2CF0C26D1C19ABA300BDF050 /* homeViewController.xib in Resources */ = {isa = PBXBuildFile; fileRef = 2CF0C26B1C19ABA300BDF050 /* homeViewController.xib */; };
/* End PBXBuildFile section */

/* Begin PBXContainerItemProxy section */
		2CF0C2321C198BA900BDF050 /* PBXContainerItemProxy */ = {
			isa = PBXContainerItemProxy;
			containerPortal = 2CF0C2151C198BA900BDF050 /* Project object */;
			proxyType = 1;
			remoteGlobalIDString = 2CF0C21C1C198BA900BDF050;
			remoteInfo = SwiftDemo;
		};
		2CF0C23D1C198BA900BDF050 /* PBXContainerItemProxy */ = {
			isa = PBXContainerItemProxy;
			containerPortal = 2CF0C2151C198BA900BDF050 /* Project object */;
			proxyType = 1;
			remoteGlobalIDString = 2CF0C21C1C198BA900BDF050;
			remoteInfo = SwiftDemo;
		};
/* End PBXContainerItemProxy section */

/* Begin PBXFileReference section */
		2CF0C21D1C198BA900BDF050 /* SwiftDemo.app */ = {isa = PBXFileReference; explicitFileType = wrapper.application; includeInIndex = 0; path = SwiftDemo.app; sourceTree = BUILT_PRODUCTS_DIR; };
		2CF0C2311C198BA900BDF050 /* SwiftDemoTests.xctest */ = {isa = PBXFileReference; explicitFileType = wrapper.cfbundle; includeInIndex = 0; path = SwiftDemoTests.xctest; sourceTree = BUILT_PRODUCTS_DIR; };
		2CF0C2351C198BA900BDF050 /* SwiftDemoTests.swift */ = {isa = PBXFileReference; lastKnownFileType = sourcecode.swift; path = SwiftDemoTests.swift; sourceTree = "<group>"; };
		2CF0C2371C198BA900BDF050 /* Info.plist */ = {isa = PBXFileReference; lastKnownFileType = text.plist.xml; path = Info.plist; sourceTree = "<group>"; };
		2CF0C23C1C198BA900BDF050 /* SwiftDemoUITests.xctest */ = {isa = PBXFileReference; explicitFileType = wrapper.cfbundle; includeInIndex = 0; path = SwiftDemoUITests.xctest; sourceTree = BUILT_PRODUCTS_DIR; };
		2CF0C2401C198BA900BDF050 /* SwiftDemoUITests.swift */ = {isa = PBXFileReference; lastKnownFileType = sourcecode.swift; path = SwiftDemoUITests.swift; sourceTree = "<group>"; };
		2CF0C2421C198BA900BDF050 /* Info.plist */ = {isa = PBXFileReference; lastKnownFileType = text.plist.xml; path = Info.plist; sourceTree = "<group>"; };
		2CF0C25A1C19945900BDF050 /* AppDelegate.swift */ = {isa = PBXFileReference; fileEncoding = 4; lastKnownFileType = sourcecode.swift; path = AppDelegate.swift; sourceTree = "<group>"; };
		2CF0C25B1C19945900BDF050 /* Assets.xcassets */ = {isa = PBXFileReference; lastKnownFileType = folder.assetcatalog; path = Assets.xcassets; sourceTree = "<group>"; };
		2CF0C25D1C19945900BDF050 /* Base */ = {isa = PBXFileReference; lastKnownFileType = file.storyboard; name = Base; path = Base.lproj/LaunchScreen.storyboard; sourceTree = "<group>"; };
		2CF0C2601C19945900BDF050 /* Info.plist */ = {isa = PBXFileReference; fileEncoding = 4; lastKnownFileType = text.plist.xml; path = Info.plist; sourceTree = "<group>"; };
		2CF0C26A1C19ABA300BDF050 /* homeViewController.swift */ = {isa = PBXFileReference; fileEncoding = 4; lastKnownFileType = sourcecode.swift; path = homeViewController.swift; sourceTree = "<group>"; };
		2CF0C26B1C19ABA300BDF050 /* homeViewController.xib */ = {isa = PBXFileReference; fileEncoding = 4; lastKnownFileType = file.xib; path = homeViewController.xib; sourceTree = "<group>"; };
/* End PBXFileReference section */

/* Begin PBXFrameworksBuildPhase section */
		2CF0C21A1C198BA900BDF050 /* Frameworks */ = {
			isa = PBXFrameworksBuildPhase;
			buildActionMask = 2147483647;
			files = (
			);
			runOnlyForDeploymentPostprocessing = 0;
		};
		2CF0C22E1C198BA900BDF050 /* Frameworks */ = {
			isa = PBXFrameworksBuildPhase;
			buildActionMask = 2147483647;
			files = (
			);
			runOnlyForDeploymentPostprocessing = 0;
		};
		2CF0C2391C198BA900BDF050 /* Frameworks */ = {
			isa = PBXFrameworksBuildPhase;
			buildActionMask = 2147483647;
			files = (
			);
			runOnlyForDeploymentPostprocessing = 0;
		};
/* End PBXFrameworksBuildPhase section */

/* Begin PBXGroup section */
		2CF0C2141C198BA900BDF050 = {
			isa = PBXGroup;
			children = (
				2CF0C21F1C198BA900BDF050 /* SwiftDemo */,
				2CF0C2341C198BA900BDF050 /* SwiftDemoTests */,
				2CF0C23F1C198BA900BDF050 /* SwiftDemoUITests */,
				2CF0C21E1C198BA900BDF050 /* Products */,
			);
			sourceTree = "<group>";
		};
		2CF0C21E1C198BA900BDF050 /* Products */ = {
			isa = PBXGroup;
			children = (
				2CF0C21D1C198BA900BDF050 /* SwiftDemo.app */,
				2CF0C2311C198BA900BDF050 /* SwiftDemoTests.xctest */,
				2CF0C23C1C198BA900BDF050 /* SwiftDemoUITests.xctest */,
			);
			name = Products;
			sourceTree = "<group>";
		};
		2CF0C21F1C198BA900BDF050 /* SwiftDemo */ = {
			isa = PBXGroup;
			children = (
				2CF0C24E1C19942100BDF050 /* Class */,
				2CF0C2591C19945900BDF050 /* Other */,
			);
			path = SwiftDemo;
			sourceTree = "<group>";
		};
		2CF0C2341C198BA900BDF050 /* SwiftDemoTests */ = {
			isa = PBXGroup;
			children = (
				2CF0C2351C198BA900BDF050 /* SwiftDemoTests.swift */,
				2CF0C2371C198BA900BDF050 /* Info.plist */,
			);
			path = SwiftDemoTests;
			sourceTree = "<group>";
		};
		2CF0C23F1C198BA900BDF050 /* SwiftDemoUITests */ = {
			isa = PBXGroup;
			children = (
				2CF0C2401C198BA900BDF050 /* SwiftDemoUITests.swift */,
				2CF0C2421C198BA900BDF050 /* Info.plist */,
			);
			path = SwiftDemoUITests;
			sourceTree = "<group>";
		};
		2CF0C24E1C19942100BDF050 /* Class */ = {
			isa = PBXGroup;
			children = (
				2CF0C24F1C19942100BDF050 /* Home */,
				2CF0C2541C19942100BDF050 /* Main */,
			);
			path = Class;
			sourceTree = "<group>";
		};
		2CF0C24F1C19942100BDF050 /* Home */ = {
			isa = PBXGroup;
			children = (
				2CF0C2501C19942100BDF050 /* Controller */,
				2CF0C2521C19942100BDF050 /* Model */,
				2CF0C2531C19942100BDF050 /* View */,
			);
			path = Home;
			sourceTree = "<group>";
		};
		2CF0C2501C19942100BDF050 /* Controller */ = {
			isa = PBXGroup;
			children = (
				2CF0C26A1C19ABA300BDF050 /* homeViewController.swift */,
				2CF0C26B1C19ABA300BDF050 /* homeViewController.xib */,
			);
			path = Controller;
			sourceTree = "<group>";
		};
		2CF0C2521C19942100BDF050 /* Model */ = {
			isa = PBXGroup;
			children = (
			);
			path = Model;
			sourceTree = "<group>";
		};
		2CF0C2531C19942100BDF050 /* View */ = {
			isa = PBXGroup;
			children = (
			);
			path = View;
			sourceTree = "<group>";
		};
		2CF0C2541C19942100BDF050 /* Main */ = {
			isa = PBXGroup;
			children = (
				2CF0C2551C19942100BDF050 /* Controller */,
				2CF0C2561C19942100BDF050 /* Model */,
				2CF0C2571C19942100BDF050 /* View */,
			);
			path = Main;
			sourceTree = "<group>";
		};
		2CF0C2551C19942100BDF050 /* Controller */ = {
			isa = PBXGroup;
			children = (
			);
			path = Controller;
			sourceTree = "<group>";
		};
		2CF0C2561C19942100BDF050 /* Model */ = {
			isa = PBXGroup;
			children = (
			);
			path = Model;
			sourceTree = "<group>";
		};
		2CF0C2571C19942100BDF050 /* View */ = {
			isa = PBXGroup;
			children = (
			);
			path = View;
			sourceTree = "<group>";
		};
		2CF0C2591C19945900BDF050 /* Other */ = {
			isa = PBXGroup;
			children = (
				2CF0C25A1C19945900BDF050 /* AppDelegate.swift */,
				2CF0C25B1C19945900BDF050 /* Assets.xcassets */,
				2CF0C25C1C19945900BDF050 /* LaunchScreen.storyboard */,
				2CF0C2601C19945900BDF050 /* Info.plist */,
			);
			path = Other;
			sourceTree = "<group>";
		};
/* End PBXGroup section */

/* Begin PBXNativeTarget section */
		2CF0C21C1C198BA900BDF050 /* SwiftDemo */ = {
			isa = PBXNativeTarget;
			buildConfigurationList = 2CF0C2451C198BA900BDF050 /* Build configuration list for PBXNativeTarget "SwiftDemo" */;
			buildPhases = (
				2CF0C2191C198BA900BDF050 /* Sources */,
				2CF0C21A1C198BA900BDF050 /* Frameworks */,
				2CF0C21B1C198BA900BDF050 /* Resources */,
			);
			buildRules = (
			);
			dependencies = (
			);
			name = SwiftDemo;
			productName = SwiftDemo;
			productReference = 2CF0C21D1C198BA900BDF050 /* SwiftDemo.app */;
			productType = "com.apple.product-type.application";
		};
		2CF0C2301C198BA900BDF050 /* SwiftDemoTests */ = {
			isa = PBXNativeTarget;
			buildConfigurationList = 2CF0C2481C198BA900BDF050 /* Build configuration list for PBXNativeTarget "SwiftDemoTests" */;
			buildPhases = (
				2CF0C22D1C198BA900BDF050 /* Sources */,
				2CF0C22E1C198BA900BDF050 /* Frameworks */,
				2CF0C22F1C198BA900BDF050 /* Resources */,
			);
			buildRules = (
			);
			dependencies = (
				2CF0C2331C198BA900BDF050 /* PBXTargetDependency */,
			);
			name = SwiftDemoTests;
			productName = SwiftDemoTests;
			productReference = 2CF0C2311C198BA900BDF050 /* SwiftDemoTests.xctest */;
			productType = "com.apple.product-type.bundle.unit-test";
		};
		2CF0C23B1C198BA900BDF050 /* SwiftDemoUITests */ = {
			isa = PBXNativeTarget;
			buildConfigurationList = 2CF0C24B1C198BA900BDF050 /* Build configuration list for PBXNativeTarget "SwiftDemoUITests" */;
			buildPhases = (
				2CF0C2381C198BA900BDF050 /* Sources */,
				2CF0C2391C198BA900BDF050 /* Frameworks */,
				2CF0C23A1C198BA900BDF050 /* Resources */,
			);
			buildRules = (
			);
			dependencies = (
				2CF0C23E1C198BA900BDF050 /* PBXTargetDependency */,
			);
			name = SwiftDemoUITests;
			productName = SwiftDemoUITests;
			productReference = 2CF0C23C1C198BA900BDF050 /* SwiftDemoUITests.xctest */;
			productType = "com.apple.product-type.bundle.ui-testing";
		};
/* End PBXNativeTarget section */

/* Begin PBXProject section */
		2CF0C2151C198BA900BDF050 /* Project object */ = {
			isa = PBXProject;
			attributes = {
				LastSwiftUpdateCheck = 0710;
				LastUpgradeCheck = 0710;
				ORGANIZATIONNAME = "珠海市起源科技";
				TargetAttributes = {
					2CF0C21C1C198BA900BDF050 = {
						CreatedOnToolsVersion = 7.1;
					};
					2CF0C2301C198BA900BDF050 = {
						CreatedOnToolsVersion = 7.1;
						TestTargetID = 2CF0C21C1C198BA900BDF050;
					};
					2CF0C23B1C198BA900BDF050 = {
						CreatedOnToolsVersion = 7.1;
						TestTargetID = 2CF0C21C1C198BA900BDF050;
					};
				};
			};
			buildConfigurationList = 2CF0C2181C198BA900BDF050 /* Build configuration list for PBXProject "SwiftDemo" */;
			compatibilityVersion = "Xcode 3.2";
			developmentRegion = English;
			hasScannedForEncodings = 0;
			knownRegions = (
				en,
				Base,
			);
			mainGroup = 2CF0C2141C198BA900BDF050;
			productRefGroup = 2CF0C21E1C198BA900BDF050 /* Products */;
			projectDirPath = "";
			projectRoot = "";
			targets = (
				2CF0C21C1C198BA900BDF050 /* SwiftDemo */,
				2CF0C2301C198BA900BDF050 /* SwiftDemoTests */,
				2CF0C23B1C198BA900BDF050 /* SwiftDemoUITests */,
			);
		};
/* End PBXProject section */

/* Begin PBXResourcesBuildPhase section */
		2CF0C21B1C198BA900BDF050 /* Resources */ = {
			isa = PBXResourcesBuildPhase;
			buildActionMask = 2147483647;
			files = (
				2CF0C2621C19945900BDF050 /* Assets.xcassets in Resources */,
				2CF0C2631C19945900BDF050 /* LaunchScreen.storyboard in Resources */,
				2CF0C2651C19945900BDF050 /* Info.plist in Resources */,
				2CF0C26D1C19ABA300BDF050 /* homeViewController.xib in Resources */,
			);
			runOnlyForDeploymentPostprocessing = 0;
		};
		2CF0C22F1C198BA900BDF050 /* Resources */ = {
			isa = PBXResourcesBuildPhase;
			buildActionMask = 2147483647;
			files = (
			);
			runOnlyForDeploymentPostprocessing = 0;
		};
		2CF0C23A1C198BA900BDF050 /* Resources */ = {
			isa = PBXResourcesBuildPhase;
			buildActionMask = 2147483647;
			files = (
			);
			runOnlyForDeploymentPostprocessing = 0;
		};
/* End PBXResourcesBuildPhase section */

/* Begin PBXSourcesBuildPhase section */
		2CF0C2191C198BA900BDF050 /* Sources */ = {
			isa = PBXSourcesBuildPhase;
			buildActionMask = 2147483647;
			files = (
				2CF0C2611C19945900BDF050 /* AppDelegate.swift in Sources */,
				2CF0C26C1C19ABA300BDF050 /* homeViewController.swift in Sources */,
			);
			runOnlyForDeploymentPostprocessing = 0;
		};
		2CF0C22D1C198BA900BDF050 /* Sources */ = {
			isa = PBXSourcesBuildPhase;
			buildActionMask = 2147483647;
			files = (
				2CF0C2361C198BA900BDF050 /* SwiftDemoTests.swift in Sources */,
			);
			runOnlyForDeploymentPostprocessing = 0;
		};
		2CF0C2381C198BA900BDF050 /* Sources */ = {
			isa = PBXSourcesBuildPhase;
			buildActionMask = 2147483647;
			files = (
				2CF0C2411C198BA900BDF050 /* SwiftDemoUITests.swift in Sources */,
			);
			runOnlyForDeploymentPostprocessing = 0;
		};
/* End PBXSourcesBuildPhase section */

/* Begin PBXTargetDependency section */
		2CF0C2331C198BA900BDF050 /* PBXTargetDependency */ = {
			isa = PBXTargetDependency;
			target = 2CF0C21C1C198BA900BDF050 /* SwiftDemo */;
			targetProxy = 2CF0C2321C198BA900BDF050 /* PBXContainerItemProxy */;
		};
		2CF0C23E1C198BA900BDF050 /* PBXTargetDependency */ = {
			isa = PBXTargetDependency;
			target = 2CF0C21C1C198BA900BDF050 /* SwiftDemo */;
			targetProxy = 2CF0C23D1C198BA900BDF050 /* PBXContainerItemProxy */;
		};
/* End PBXTargetDependency section */

/* Begin PBXVariantGroup section */
		2CF0C25C1C19945900BDF050 /* LaunchScreen.storyboard */ = {
			isa = PBXVariantGroup;
			children = (
				2CF0C25D1C19945900BDF050 /* Base */,
			);
			name = LaunchScreen.storyboard;
			sourceTree = "<group>";
		};
/* End PBXVariantGroup section */

/* Begin XCBuildConfiguration section */
		2CF0C2431C198BA900BDF050 /* Debug */ = {
			isa = XCBuildConfiguration;
			buildSettings = {
				ALWAYS_SEARCH_USER_PATHS = NO;
				CLANG_CXX_LANGUAGE_STANDARD = "gnu++0x";
				CLANG_CXX_LIBRARY = "libc++";
				CLANG_ENABLE_MODULES = YES;
				CLANG_ENABLE_OBJC_ARC = YES;
				CLANG_WARN_BOOL_CONVERSION = YES;
				CLANG_WARN_CONSTANT_CONVERSION = YES;
				CLANG_WARN_DIRECT_OBJC_ISA_USAGE = YES_ERROR;
				CLANG_WARN_EMPTY_BODY = YES;
				CLANG_WARN_ENUM_CONVERSION = YES;
				CLANG_WARN_INT_CONVERSION = YES;
				CLANG_WARN_OBJC_ROOT_CLASS = YES_ERROR;
				CLANG_WARN_UNREACHABLE_CODE = YES;
				CLANG_WARN__DUPLICATE_METHOD_MATCH = YES;
				"CODE_SIGN_IDENTITY[sdk=iphoneos*]" = "iPhone Developer";
				COPY_PHASE_STRIP = NO;
				DEBUG_INFORMATION_FORMAT = dwarf;
				ENABLE_STRICT_OBJC_MSGSEND = YES;
				ENABLE_TESTABILITY = YES;
				GCC_C_LANGUAGE_STANDARD = gnu99;
				GCC_DYNAMIC_NO_PIC = NO;
				GCC_NO_COMMON_BLOCKS = YES;
				GCC_OPTIMIZATION_LEVEL = 0;
				GCC_PREPROCESSOR_DEFINITIONS = (
					"DEBUG=1",
					"$(inherited)",
				);
				GCC_WARN_64_TO_32_BIT_CONVERSION = YES;
				GCC_WARN_ABOUT_RETURN_TYPE = YES_ERROR;
				GCC_WARN_UNDECLARED_SELECTOR = YES;
				GCC_WARN_UNINITIALIZED_AUTOS = YES_AGGRESSIVE;
				GCC_WARN_UNUSED_FUNCTION = YES;
				GCC_WARN_UNUSED_VARIABLE = YES;
				IPHONEOS_DEPLOYMENT_TARGET = 9.1;
				MTL_ENABLE_DEBUG_INFO = YES;
				ONLY_ACTIVE_ARCH = YES;
				SDKROOT = iphoneos;
				SWIFT_OPTIMIZATION_LEVEL = "-Onone";
			};
			name = Debug;
		};
		2CF0C2441C198BA900BDF050 /* Release */ = {
			isa = XCBuildConfiguration;
			buildSettings = {
				ALWAYS_SEARCH_USER_PATHS = NO;
				CLANG_CXX_LANGUAGE_STANDARD = "gnu++0x";
				CLANG_CXX_LIBRARY = "libc++";
				CLANG_ENABLE_MODULES = YES;
				CLANG_ENABLE_OBJC_ARC = YES;
				CLANG_WARN_BOOL_CONVERSION = YES;
				CLANG_WARN_CONSTANT_CONVERSION = YES;
				CLANG_WARN_DIRECT_OBJC_ISA_USAGE = YES_ERROR;
				CLANG_WARN_EMPTY_BODY = YES;
				CLANG_WARN_ENUM_CONVERSION = YES;
				CLANG_WARN_INT_CONVERSION = YES;
				CLANG_WARN_OBJC_ROOT_CLASS = YES_ERROR;
				CLANG_WARN_UNREACHABLE_CODE = YES;
				CLANG_WARN__DUPLICATE_METHOD_MATCH = YES;
				"CODE_SIGN_IDENTITY[sdk=iphoneos*]" = "iPhone Developer";
				COPY_PHASE_STRIP = NO;
				DEBUG_INFORMATION_FORMAT = "dwarf-with-dsym";
				ENABLE_NS_ASSERTIONS = NO;
				ENABLE_STRICT_OBJC_MSGSEND = YES;
				GCC_C_LANGUAGE_STANDARD = gnu99;
				GCC_NO_COMMON_BLOCKS = YES;
				GCC_WARN_64_TO_32_BIT_CONVERSION = YES;
				GCC_WARN_ABOUT_RETURN_TYPE = YES_ERROR;
				GCC_WARN_UNDECLARED_SELECTOR = YES;
				GCC_WARN_UNINITIALIZED_AUTOS = YES_AGGRESSIVE;
				GCC_WARN_UNUSED_FUNCTION = YES;
				GCC_WARN_UNUSED_VARIABLE = YES;
				IPHONEOS_DEPLOYMENT_TARGET = 9.1;
				MTL_ENABLE_DEBUG_INFO = NO;
				SDKROOT = iphoneos;
				VALIDATE_PRODUCT = YES;
			};
			name = Release;
		};
		2CF0C2461C198BA900BDF050 /* Debug */ = {
			isa = XCBuildConfiguration;
			buildSettings = {
				ASSETCATALOG_COMPILER_APPICON_NAME = AppIcon;
				INFOPLIST_FILE = "$(SRCROOT)/SwiftDemo/Other/Info.plist";
				LD_RUNPATH_SEARCH_PATHS = "$(inherited) @executable_path/Frameworks";
				PRODUCT_BUNDLE_IDENTIFIER = com.origincode.SwiftDemo;
				PRODUCT_NAME = "$(TARGET_NAME)";
			};
			name = Debug;
		};
		2CF0C2471C198BA900BDF050 /* Release */ = {
			isa = XCBuildConfiguration;
			buildSettings = {
				ASSETCATALOG_COMPILER_APPICON_NAME = AppIcon;
				INFOPLIST_FILE = "$(SRCROOT)/SwiftDemo/Other/Info.plist";
				LD_RUNPATH_SEARCH_PATHS = "$(inherited) @executable_path/Frameworks";
				PRODUCT_BUNDLE_IDENTIFIER = com.origincode.SwiftDemo;
				PRODUCT_NAME = "$(TARGET_NAME)";
			};
			name = Release;
		};
		2CF0C2491C198BA900BDF050 /* Debug */ = {
			isa = XCBuildConfiguration;
			buildSettings = {
				BUNDLE_LOADER = "$(TEST_HOST)";
				INFOPLIST_FILE = SwiftDemoTests/Info.plist;
				LD_RUNPATH_SEARCH_PATHS = "$(inherited) @executable_path/Frameworks @loader_path/Frameworks";
				PRODUCT_BUNDLE_IDENTIFIER = com.origincode.SwiftDemoTests;
				PRODUCT_NAME = "$(TARGET_NAME)";
				TEST_HOST = "$(BUILT_PRODUCTS_DIR)/SwiftDemo.app/SwiftDemo";
			};
			name = Debug;
		};
		2CF0C24A1C198BA900BDF050 /* Release */ = {
			isa = XCBuildConfiguration;
			buildSettings = {
				BUNDLE_LOADER = "$(TEST_HOST)";
				INFOPLIST_FILE = SwiftDemoTests/Info.plist;
				LD_RUNPATH_SEARCH_PATHS = "$(inherited) @executable_path/Frameworks @loader_path/Frameworks";
				PRODUCT_BUNDLE_IDENTIFIER = com.origincode.SwiftDemoTests;
				PRODUCT_NAME = "$(TARGET_NAME)";
				TEST_HOST = "$(BUILT_PRODUCTS_DIR)/SwiftDemo.app/SwiftDemo";
			};
			name = Release;
		};
		2CF0C24C1C198BA900BDF050 /* Debug */ = {
			isa = XCBuildConfiguration;
			buildSettings = {
				INFOPLIST_FILE = SwiftDemoUITests/Info.plist;
				LD_RUNPATH_SEARCH_PATHS = "$(inherited) @executable_path/Frameworks @loader_path/Frameworks";
				PRODUCT_BUNDLE_IDENTIFIER = com.origincode.SwiftDemoUITests;
				PRODUCT_NAME = "$(TARGET_NAME)";
				TEST_TARGET_NAME = SwiftDemo;
				USES_XCTRUNNER = YES;
			};
			name = Debug;
		};
		2CF0C24D1C198BA900BDF050 /* Release */ = {
			isa = XCBuildConfiguration;
			buildSettings = {
				INFOPLIST_FILE = SwiftDemoUITests/Info.plist;
				LD_RUNPATH_SEARCH_PATHS = "$(inherited) @executable_path/Frameworks @loader_path/Frameworks";
				PRODUCT_BUNDLE_IDENTIFIER = com.origincode.SwiftDemoUITests;
				PRODUCT_NAME = "$(TARGET_NAME)";
				TEST_TARGET_NAME = SwiftDemo;
				USES_XCTRUNNER = YES;
			};
			name = Release;
		};
/* End XCBuildConfiguration section */

/* Begin XCConfigurationList section */
		2CF0C2181C198BA900BDF050 /* Build configuration list for PBXProject "SwiftDemo" */ = {
			isa = XCConfigurationList;
			buildConfigurations = (
				2CF0C2431C198BA900BDF050 /* Debug */,
				2CF0C2441C198BA900BDF050 /* Release */,
			);
			defaultConfigurationIsVisible = 0;
			defaultConfigurationName = Release;
		};
		2CF0C2451C198BA900BDF050 /* Build configuration list for PBXNativeTarget "SwiftDemo" */ = {
			isa = XCConfigurationList;
			buildConfigurations = (
				2CF0C2461C198BA900BDF050 /* Debug */,
				2CF0C2471C198BA900BDF050 /* Release */,
			);
			defaultConfigurationIsVisible = 0;
		};
		2CF0C2481C198BA900BDF050 /* Build configuration list for PBXNativeTarget "SwiftDemoTests" */ = {
			isa = XCConfigurationList;
			buildConfigurations = (
				2CF0C2491C198BA900BDF050 /* Debug */,
				2CF0C24A1C198BA900BDF050 /* Release */,
			);
			defaultConfigurationIsVisible = 0;
		};
		2CF0C24B1C198BA900BDF050 /* Build configuration list for PBXNativeTarget "SwiftDemoUITests" */ = {
			isa = XCConfigurationList;
			buildConfigurations = (
				2CF0C24C1C198BA900BDF050 /* Debug */,
				2CF0C24D1C198BA900BDF050 /* Release */,
			);
			defaultConfigurationIsVisible = 0;
		};
/* End XCConfigurationList section */
	};
	rootObject = 2CF0C2151C198BA900BDF050 /* Project object */;
}
